// !$*UTF8*$!
{
	archiveVersion = 1;
	classes = {
	};
	objectVersion = 51;
	objects = {

/* Begin PBXBuildFile section */
		0721CAD324770A120013277C /* AppDelegate.swift in Sources */ = {isa = PBXBuildFile; fileRef = 0721CAD224770A120013277C /* AppDelegate.swift */; };
		0721CAD524770A120013277C /* SceneDelegate.swift in Sources */ = {isa = PBXBuildFile; fileRef = 0721CAD424770A120013277C /* SceneDelegate.swift */; };
		0721CAD724770A120013277C /* Welcome.swift in Sources */ = {isa = PBXBuildFile; fileRef = 0721CAD624770A120013277C /* Welcome.swift */; };
		0721CADA24770A120013277C /* Main.storyboard in Resources */ = {isa = PBXBuildFile; fileRef = 0721CAD824770A120013277C /* Main.storyboard */; };
		0721CADF24770A130013277C /* Assets.xcassets in Resources */ = {isa = PBXBuildFile; fileRef = 0721CADE24770A130013277C /* Assets.xcassets */; };
		0721CAE224770A130013277C /* LaunchScreen.storyboard in Resources */ = {isa = PBXBuildFile; fileRef = 0721CAE024770A130013277C /* LaunchScreen.storyboard */; };
		0721CAEA24770C8D0013277C /* Login.swift in Sources */ = {isa = PBXBuildFile; fileRef = 0721CAE924770C8D0013277C /* Login.swift */; };
		0721CAEC24770CA20013277C /* Register.swift in Sources */ = {isa = PBXBuildFile; fileRef = 0721CAEB24770CA20013277C /* Register.swift */; };
		0725866F24773CC500254564 /* SongsList.swift in Sources */ = {isa = PBXBuildFile; fileRef = 0725866E24773CC500254564 /* SongsList.swift */; };
		0727336F251BF8280095441A /* MusicData.swift in Sources */ = {isa = PBXBuildFile; fileRef = 0727336E251BF8280095441A /* MusicData.swift */; };
		07282A5B247AD69C0078E709 /* AlbumList.swift in Sources */ = {isa = PBXBuildFile; fileRef = 07282A5A247AD69C0078E709 /* AlbumList.swift */; };
		0729C473250D30D60084029E /* MusicDataModel.swift in Sources */ = {isa = PBXBuildFile; fileRef = 0729C472250D30D60084029E /* MusicDataModel.swift */; };
		072AE656252CED0A009919F0 /* Utilities.swift in Sources */ = {isa = PBXBuildFile; fileRef = 072AE655252CED0A009919F0 /* Utilities.swift */; };
		072B51D62478534800627A96 /* FirstView.swift in Sources */ = {isa = PBXBuildFile; fileRef = 072B51D52478534800627A96 /* FirstView.swift */; };
		072C335B252E0B7200004016 /* All falls down.mp3 in Resources */ = {isa = PBXBuildFile; fileRef = 072C335A252E0B7100004016 /* All falls down.mp3 */; };
		072C335D252E0B7B00004016 /* Do it all for you.mp3 in Resources */ = {isa = PBXBuildFile; fileRef = 072C335C252E0B7B00004016 /* Do it all for you.mp3 */; };
		072C335F252E0B8600004016 /* Lonely.mp3 in Resources */ = {isa = PBXBuildFile; fileRef = 072C335E252E0B8600004016 /* Lonely.mp3 */; };
		072C3364252E0BBC00004016 /* Tired by j-fla.mp3 in Resources */ = {isa = PBXBuildFile; fileRef = 072C3363252E0BBC00004016 /* Tired by j-fla.mp3 */; };
		072C3366252E0BC200004016 /* Tired kygo.mp3 in Resources */ = {isa = PBXBuildFile; fileRef = 072C3365252E0BC200004016 /* Tired kygo.mp3 */; };
		072C3368252E0BC900004016 /* Tired.mp3 in Resources */ = {isa = PBXBuildFile; fileRef = 072C3367252E0BC900004016 /* Tired.mp3 */; };
		072C336B252E0C1300004016 /* Smokers | halsey.mp3 in Resources */ = {isa = PBXBuildFile; fileRef = 072C336A252E0C1300004016 /* Smokers | halsey.mp3 */; };
		072C336D252E0C1800004016 /* Faded(erelease).mp3 in Resources */ = {isa = PBXBuildFile; fileRef = 072C336C252E0C1800004016 /* Faded(erelease).mp3 */; };
		072C336F252E0C1C00004016 /* Faded (interlude).mp3 in Resources */ = {isa = PBXBuildFile; fileRef = 072C336E252E0C1C00004016 /* Faded (interlude).mp3 */; };
		072C3371252E0C8600004016 /* I Don't Wanna Go.mp3 in Resources */ = {isa = PBXBuildFile; fileRef = 072C3370252E0C8600004016 /* I Don't Wanna Go.mp3 */; };
		072C3373252E0CF400004016 /* Lost control.mp3 in Resources */ = {isa = PBXBuildFile; fileRef = 072C3372252E0CF400004016 /* Lost control.mp3 */; };
		078797F1252D11FF00D5510C /* Constants.swift in Sources */ = {isa = PBXBuildFile; fileRef = 078797F0252D11FF00D5510C /* Constants.swift */; };
		07AF13AB252A4461002104B0 /* GoogleService-Info.plist in Resources */ = {isa = PBXBuildFile; fileRef = 07AF13AA252A4461002104B0 /* GoogleService-Info.plist */; };
		07CD39CA250D1D7D0065A2C7 /* TableViewCell1.swift in Sources */ = {isa = PBXBuildFile; fileRef = 07CD39C8250D1D7D0065A2C7 /* TableViewCell1.swift */; };
		07CD39CB250D1D7D0065A2C7 /* TableViewCell1.xib in Resources */ = {isa = PBXBuildFile; fileRef = 07CD39C9250D1D7D0065A2C7 /* TableViewCell1.xib */; };
		07D02C72250B8A65005E5A9E /* Return.mp3 in Resources */ = {isa = PBXBuildFile; fileRef = 07D02C6F250B8A64005E5A9E /* Return.mp3 */; };
		07D02C73250B8A65005E5A9E /* Memories(Re).mp3 in Resources */ = {isa = PBXBuildFile; fileRef = 07D02C70250B8A64005E5A9E /* Memories(Re).mp3 */; };
		07D02C74250B8A65005E5A9E /* Alone.mp3 in Resources */ = {isa = PBXBuildFile; fileRef = 07D02C71250B8A65005E5A9E /* Alone.mp3 */; };
		07D02C76250B8AC0005E5A9E /* On My Way.mp3 in Resources */ = {isa = PBXBuildFile; fileRef = 07D02C75250B8AC0005E5A9E /* On My Way.mp3 */; };
		07D02C7C250B8BA5005E5A9E /* Avem.mp3 in Resources */ = {isa = PBXBuildFile; fileRef = 07D02C77250B8BA3005E5A9E /* Avem.mp3 */; };
		07D02C7D250B8BA5005E5A9E /* Unity.mp3 in Resources */ = {isa = PBXBuildFile; fileRef = 07D02C78250B8BA4005E5A9E /* Unity.mp3 */; };
		07D02C7E250B8BA5005E5A9E /* Ignite.mp3 in Resources */ = {isa = PBXBuildFile; fileRef = 07D02C79250B8BA4005E5A9E /* Ignite.mp3 */; };
		07D02C7F250B8BA5005E5A9E /* Hope(Re).mp3 in Resources */ = {isa = PBXBuildFile; fileRef = 07D02C7A250B8BA5005E5A9E /* Hope(Re).mp3 */; };
		07D18DBA250B80DE001E0C46 /* Sing Me To Sleep.mp3 in Resources */ = {isa = PBXBuildFile; fileRef = 07D18DB8250B80DD001E0C46 /* Sing Me To Sleep.mp3 */; };
		07D18DBB250B80DE001E0C46 /* Faded.mp3 in Resources */ = {isa = PBXBuildFile; fileRef = 07D18DB9250B80DE001E0C46 /* Faded.mp3 */; };
		07E27E9E250B973300ED9D1C /* The Spectre.mp3 in Resources */ = {isa = PBXBuildFile; fileRef = 07E27E9D250B973300ED9D1C /* The Spectre.mp3 */; };
		07E27EA0250B974D00ED9D1C /* PLAY.mp3 in Resources */ = {isa = PBXBuildFile; fileRef = 07E27E9F250B974D00ED9D1C /* PLAY.mp3 */; };
		07E27EA3250B981100ED9D1C /* Not Afraid ft Faded.mp3 in Resources */ = {isa = PBXBuildFile; fileRef = 07E27EA2250B981100ED9D1C /* Not Afraid ft Faded.mp3 */; };
		07F16737250D598C00DD1682 /* musicUI.swift in Sources */ = {isa = PBXBuildFile; fileRef = 07F16736250D598C00DD1682 /* musicUI.swift */; };
		07F72702252D23E700889924 /* Memories.mp3 in Resources */ = {isa = PBXBuildFile; fileRef = 07F72701252D23E700889924 /* Memories.mp3 */; };
		07F72704252D265E00889924 /* Hope.mp3 in Resources */ = {isa = PBXBuildFile; fileRef = 07F72703252D265E00889924 /* Hope.mp3 */; };
		07FBBA9F2521EEA700762E77 /* NewComers.swift in Sources */ = {isa = PBXBuildFile; fileRef = 07FBBA9E2521EEA700762E77 /* NewComers.swift */; };
		07FBBAA32521FF5400762E77 /* YoutYoubVideos.swift in Sources */ = {isa = PBXBuildFile; fileRef = 07FBBAA22521FF5400762E77 /* YoutYoubVideos.swift */; };
		97D5D2193C994FFB362C6E7B /* Pods_AlanWalker.framework in Frameworks */ = {isa = PBXBuildFile; fileRef = 907EF626350E332F0B591DAC /* Pods_AlanWalker.framework */; };
/* End PBXBuildFile section */

/* Begin PBXFileReference section */
		0721CACF24770A120013277C /* AlanWalker.app */ = {isa = PBXFileReference; explicitFileType = wrapper.application; includeInIndex = 0; path = AlanWalker.app; sourceTree = BUILT_PRODUCTS_DIR; };
		0721CAD224770A120013277C /* AppDelegate.swift */ = {isa = PBXFileReference; lastKnownFileType = sourcecode.swift; path = AppDelegate.swift; sourceTree = "<group>"; };
		0721CAD424770A120013277C /* SceneDelegate.swift */ = {isa = PBXFileReference; lastKnownFileType = sourcecode.swift; path = SceneDelegate.swift; sourceTree = "<group>"; };
		0721CAD624770A120013277C /* Welcome.swift */ = {isa = PBXFileReference; lastKnownFileType = sourcecode.swift; path = Welcome.swift; sourceTree = "<group>"; };
		0721CAD924770A120013277C /* Base */ = {isa = PBXFileReference; lastKnownFileType = file.storyboard; name = Base; path = Base.lproj/Main.storyboard; sourceTree = "<group>"; };
		0721CADE24770A130013277C /* Assets.xcassets */ = {isa = PBXFileReference; lastKnownFileType = folder.assetcatalog; path = Assets.xcassets; sourceTree = "<group>"; };
		0721CAE124770A130013277C /* Base */ = {isa = PBXFileReference; lastKnownFileType = file.storyboard; name = Base; path = Base.lproj/LaunchScreen.storyboard; sourceTree = "<group>"; };
		0721CAE324770A130013277C /* Info.plist */ = {isa = PBXFileReference; lastKnownFileType = text.plist.xml; path = Info.plist; sourceTree = "<group>"; };
		0721CAE924770C8D0013277C /* Login.swift */ = {isa = PBXFileReference; lastKnownFileType = sourcecode.swift; path = Login.swift; sourceTree = "<group>"; };
		0721CAEB24770CA20013277C /* Register.swift */ = {isa = PBXFileReference; lastKnownFileType = sourcecode.swift; path = Register.swift; sourceTree = "<group>"; };
		0725866E24773CC500254564 /* SongsList.swift */ = {isa = PBXFileReference; lastKnownFileType = sourcecode.swift; name = SongsList.swift; path = AlanWalker/ViewControllers/SongsList.swift; sourceTree = SOURCE_ROOT; };
		0727336E251BF8280095441A /* MusicData.swift */ = {isa = PBXFileReference; lastKnownFileType = sourcecode.swift; path = MusicData.swift; sourceTree = "<group>"; };
		07282A5A247AD69C0078E709 /* AlbumList.swift */ = {isa = PBXFileReference; lastKnownFileType = sourcecode.swift; name = AlbumList.swift; path = AlanWalker/ViewControllers/AlbumList.swift; sourceTree = SOURCE_ROOT; };
		0729C472250D30D60084029E /* MusicDataModel.swift */ = {isa = PBXFileReference; lastKnownFileType = sourcecode.swift; path = MusicDataModel.swift; sourceTree = "<group>"; };
		072AE655252CED0A009919F0 /* Utilities.swift */ = {isa = PBXFileReference; fileEncoding = 4; lastKnownFileType = sourcecode.swift; path = Utilities.swift; sourceTree = "<group>"; };
		072B51D52478534800627A96 /* FirstView.swift */ = {isa = PBXFileReference; lastKnownFileType = sourcecode.swift; name = FirstView.swift; path = AlanWalker/ViewControllers/FirstView.swift; sourceTree = SOURCE_ROOT; };
		072C335A252E0B7100004016 /* All falls down.mp3 */ = {isa = PBXFileReference; lastKnownFileType = audio.mp3; path = "All falls down.mp3"; sourceTree = "<group>"; };
		072C335C252E0B7B00004016 /* Do it all for you.mp3 */ = {isa = PBXFileReference; lastKnownFileType = audio.mp3; path = "Do it all for you.mp3"; sourceTree = "<group>"; };
		072C335E252E0B8600004016 /* Lonely.mp3 */ = {isa = PBXFileReference; lastKnownFileType = audio.mp3; path = Lonely.mp3; sourceTree = "<group>"; };
		072C3363252E0BBC00004016 /* Tired by j-fla.mp3 */ = {isa = PBXFileReference; lastKnownFileType = audio.mp3; path = "Tired by j-fla.mp3"; sourceTree = "<group>"; };
		072C3365252E0BC200004016 /* Tired kygo.mp3 */ = {isa = PBXFileReference; lastKnownFileType = audio.mp3; path = "Tired kygo.mp3"; sourceTree = "<group>"; };
		072C3367252E0BC900004016 /* Tired.mp3 */ = {isa = PBXFileReference; lastKnownFileType = audio.mp3; path = Tired.mp3; sourceTree = "<group>"; };
		072C336A252E0C1300004016 /* Smokers | halsey.mp3 */ = {isa = PBXFileReference; lastKnownFileType = audio.mp3; path = "Smokers | halsey.mp3"; sourceTree = "<group>"; };
		072C336C252E0C1800004016 /* Faded(erelease).mp3 */ = {isa = PBXFileReference; lastKnownFileType = audio.mp3; path = "Faded(erelease).mp3"; sourceTree = "<group>"; };
		072C336E252E0C1C00004016 /* Faded (interlude).mp3 */ = {isa = PBXFileReference; lastKnownFileType = audio.mp3; path = "Faded (interlude).mp3"; sourceTree = "<group>"; };
		072C3370252E0C8600004016 /* I Don't Wanna Go.mp3 */ = {isa = PBXFileReference; lastKnownFileType = audio.mp3; path = "I Don't Wanna Go.mp3"; sourceTree = "<group>"; };
		072C3372252E0CF400004016 /* Lost control.mp3 */ = {isa = PBXFileReference; lastKnownFileType = audio.mp3; path = "Lost control.mp3"; sourceTree = "<group>"; };
		078797F0252D11FF00D5510C /* Constants.swift */ = {isa = PBXFileReference; lastKnownFileType = sourcecode.swift; path = Constants.swift; sourceTree = "<group>"; };
		07AF13AA252A4461002104B0 /* GoogleService-Info.plist */ = {isa = PBXFileReference; fileEncoding = 4; lastKnownFileType = text.plist.xml; path = "GoogleService-Info.plist"; sourceTree = "<group>"; };
		07CD39C8250D1D7D0065A2C7 /* TableViewCell1.swift */ = {isa = PBXFileReference; lastKnownFileType = sourcecode.swift; path = TableViewCell1.swift; sourceTree = "<group>"; };
		07CD39C9250D1D7D0065A2C7 /* TableViewCell1.xib */ = {isa = PBXFileReference; lastKnownFileType = file.xib; path = TableViewCell1.xib; sourceTree = "<group>"; };
		07D02C6F250B8A64005E5A9E /* Return.mp3 */ = {isa = PBXFileReference; lastKnownFileType = audio.mp3; path = Return.mp3; sourceTree = "<group>"; };
		07D02C70250B8A64005E5A9E /* Memories(Re).mp3 */ = {isa = PBXFileReference; lastKnownFileType = audio.mp3; path = "Memories(Re).mp3"; sourceTree = "<group>"; };
		07D02C71250B8A65005E5A9E /* Alone.mp3 */ = {isa = PBXFileReference; lastKnownFileType = audio.mp3; path = Alone.mp3; sourceTree = "<group>"; };
		07D02C75250B8AC0005E5A9E /* On My Way.mp3 */ = {isa = PBXFileReference; lastKnownFileType = audio.mp3; path = "On My Way.mp3"; sourceTree = "<group>"; };
		07D02C77250B8BA3005E5A9E /* Avem.mp3 */ = {isa = PBXFileReference; lastKnownFileType = audio.mp3; path = Avem.mp3; sourceTree = "<group>"; };
		07D02C78250B8BA4005E5A9E /* Unity.mp3 */ = {isa = PBXFileReference; lastKnownFileType = audio.mp3; path = Unity.mp3; sourceTree = "<group>"; };
		07D02C79250B8BA4005E5A9E /* Ignite.mp3 */ = {isa = PBXFileReference; lastKnownFileType = audio.mp3; path = Ignite.mp3; sourceTree = "<group>"; };
		07D02C7A250B8BA5005E5A9E /* Hope(Re).mp3 */ = {isa = PBXFileReference; lastKnownFileType = audio.mp3; path = "Hope(Re).mp3"; sourceTree = "<group>"; };
		07D18DB8250B80DD001E0C46 /* Sing Me To Sleep.mp3 */ = {isa = PBXFileReference; lastKnownFileType = audio.mp3; path = "Sing Me To Sleep.mp3"; sourceTree = "<group>"; };
		07D18DB9250B80DE001E0C46 /* Faded.mp3 */ = {isa = PBXFileReference; lastKnownFileType = audio.mp3; path = Faded.mp3; sourceTree = "<group>"; };
		07E27E9D250B973300ED9D1C /* The Spectre.mp3 */ = {isa = PBXFileReference; lastKnownFileType = audio.mp3; path = "The Spectre.mp3"; sourceTree = "<group>"; };
		07E27E9F250B974D00ED9D1C /* PLAY.mp3 */ = {isa = PBXFileReference; lastKnownFileType = audio.mp3; path = PLAY.mp3; sourceTree = "<group>"; };
		07E27EA2250B981100ED9D1C /* Not Afraid ft Faded.mp3 */ = {isa = PBXFileReference; lastKnownFileType = audio.mp3; path = "Not Afraid ft Faded.mp3"; sourceTree = "<group>"; };
		07F16736250D598C00DD1682 /* musicUI.swift */ = {isa = PBXFileReference; lastKnownFileType = sourcecode.swift; path = musicUI.swift; sourceTree = "<group>"; };
		07F72701252D23E700889924 /* Memories.mp3 */ = {isa = PBXFileReference; lastKnownFileType = audio.mp3; path = Memories.mp3; sourceTree = "<group>"; };
		07F72703252D265E00889924 /* Hope.mp3 */ = {isa = PBXFileReference; lastKnownFileType = audio.mp3; path = Hope.mp3; sourceTree = "<group>"; };
		07FBBA9E2521EEA700762E77 /* NewComers.swift */ = {isa = PBXFileReference; lastKnownFileType = sourcecode.swift; path = NewComers.swift; sourceTree = "<group>"; };
		07FBBAA22521FF5400762E77 /* YoutYoubVideos.swift */ = {isa = PBXFileReference; lastKnownFileType = sourcecode.swift; path = YoutYoubVideos.swift; sourceTree = "<group>"; };
		89CFD36A4F7CD7EE957D21EE /* Pods-AlanWalker.debug.xcconfig */ = {isa = PBXFileReference; includeInIndex = 1; lastKnownFileType = text.xcconfig; name = "Pods-AlanWalker.debug.xcconfig"; path = "Target Support Files/Pods-AlanWalker/Pods-AlanWalker.debug.xcconfig"; sourceTree = "<group>"; };
		907EF626350E332F0B591DAC /* Pods_AlanWalker.framework */ = {isa = PBXFileReference; explicitFileType = wrapper.framework; includeInIndex = 0; path = Pods_AlanWalker.framework; sourceTree = BUILT_PRODUCTS_DIR; };
		B04C02733EE86C83E99575D9 /* Pods-AlanWalker.release.xcconfig */ = {isa = PBXFileReference; includeInIndex = 1; lastKnownFileType = text.xcconfig; name = "Pods-AlanWalker.release.xcconfig"; path = "Target Support Files/Pods-AlanWalker/Pods-AlanWalker.release.xcconfig"; sourceTree = "<group>"; };
/* End PBXFileReference section */

/* Begin PBXFrameworksBuildPhase section */
		0721CACC24770A120013277C /* Frameworks */ = {
			isa = PBXFrameworksBuildPhase;
			buildActionMask = 2147483647;
			files = (
				97D5D2193C994FFB362C6E7B /* Pods_AlanWalker.framework in Frameworks */,
			);
			runOnlyForDeploymentPostprocessing = 0;
		};
/* End PBXFrameworksBuildPhase section */

/* Begin PBXGroup section */
		0721CAC624770A120013277C = {
			isa = PBXGroup;
			children = (
				0721CAD124770A120013277C /* AlanWalker */,
				A2ABCA1F82F0EB6A4CE025F7 /* Frameworks */,
				B5EF720C186874FF4E0D6A83 /* Pods */,
				0721CAD024770A120013277C /* Products */,
			);
			sourceTree = "<group>";
		};
		0721CAD024770A120013277C /* Products */ = {
			isa = PBXGroup;
			children = (
				0721CACF24770A120013277C /* AlanWalker.app */,
			);
			name = Products;
			sourceTree = "<group>";
		};
		0721CAD124770A120013277C /* AlanWalker */ = {
			isa = PBXGroup;
			children = (
				07B4E87C2507A5870028079A /* AppDelegate */,
				0721CAED24770CB10013277C /* ViewControllers */,
				07F6520E2508B7F20075399B /* Offline */,
				07B4E8802507A8CF0028079A /* View */,
				07B4E8812507A8DD0028079A /* Model */,
				07B4E87F2507A8860028079A /* Resources */,
			);
			path = AlanWalker;
			sourceTree = "<group>";
		};
		0721CAED24770CB10013277C /* ViewControllers */ = {
			isa = PBXGroup;
			children = (
				072B51D52478534800627A96 /* FirstView.swift */,
				07B4E87E2507A5D70028079A /* Online */,
				078797F0252D11FF00D5510C /* Constants.swift */,
			);
			path = ViewControllers;
			sourceTree = "<group>";
		};
		072C3359252E0B6200004016 /* Different World */ = {
			isa = PBXGroup;
			children = (
				072C335C252E0B7B00004016 /* Do it all for you.mp3 */,
				072C335A252E0B7100004016 /* All falls down.mp3 */,
				07E27E9D250B973300ED9D1C /* The Spectre.mp3 */,
				072C335E252E0B8600004016 /* Lonely.mp3 */,
				072C3372252E0CF400004016 /* Lost control.mp3 */,
			);
			name = "Different World";
			sourceTree = "<group>";
		};
		072C3362252E0BA200004016 /* Tired(Remixes) */ = {
			isa = PBXGroup;
			children = (
				072C3367252E0BC900004016 /* Tired.mp3 */,
				072C3363252E0BBC00004016 /* Tired by j-fla.mp3 */,
				072C3365252E0BC200004016 /* Tired kygo.mp3 */,
			);
			name = "Tired(Remixes)";
			sourceTree = "<group>";
		};
		072C3369252E0BD800004016 /* Faded(Remixes) */ = {
			isa = PBXGroup;
			children = (
				07E27EA2250B981100ED9D1C /* Not Afraid ft Faded.mp3 */,
				072C336A252E0C1300004016 /* Smokers | halsey.mp3 */,
				072C336C252E0C1800004016 /* Faded(erelease).mp3 */,
				072C336E252E0C1C00004016 /* Faded (interlude).mp3 */,
			);
			name = "Faded(Remixes)";
			sourceTree = "<group>";
		};
		07B4E87C2507A5870028079A /* AppDelegate */ = {
			isa = PBXGroup;
			children = (
				0721CAD224770A120013277C /* AppDelegate.swift */,
				0721CAD424770A120013277C /* SceneDelegate.swift */,
			);
			name = AppDelegate;
			path = ViewControllers;
			sourceTree = "<group>";
		};
		07B4E87E2507A5D70028079A /* Online */ = {
			isa = PBXGroup;
			children = (
				0721CAD624770A120013277C /* Welcome.swift */,
				0721CAE924770C8D0013277C /* Login.swift */,
				0721CAEB24770CA20013277C /* Register.swift */,
				07FBBAA22521FF5400762E77 /* YoutYoubVideos.swift */,
				07FBBA9E2521EEA700762E77 /* NewComers.swift */,
			);
			name = Online;
			sourceTree = "<group>";
		};
		07B4E87F2507A8860028079A /* Resources */ = {
			isa = PBXGroup;
			children = (
				07D18DB1250B7ED2001E0C46 /* Songs */,
				0721CADE24770A130013277C /* Assets.xcassets */,
				0721CAE324770A130013277C /* Info.plist */,
				07AF13AA252A4461002104B0 /* GoogleService-Info.plist */,
			);
			path = Resources;
			sourceTree = "<group>";
		};
		07B4E8802507A8CF0028079A /* View */ = {
			isa = PBXGroup;
			children = (
				07CD39C4250D1D260065A2C7 /* Xip */,
				0721CAD824770A120013277C /* Main.storyboard */,
				0721CAE024770A130013277C /* LaunchScreen.storyboard */,
			);
			path = View;
			sourceTree = "<group>";
		};
		07B4E8812507A8DD0028079A /* Model */ = {
			isa = PBXGroup;
			children = (
				072AE655252CED0A009919F0 /* Utilities.swift */,
				0729C472250D30D60084029E /* MusicDataModel.swift */,
				0727336E251BF8280095441A /* MusicData.swift */,
			);
			path = Model;
			sourceTree = "<group>";
		};
		07CD39C4250D1D260065A2C7 /* Xip */ = {
			isa = PBXGroup;
			children = (
				07CD39C8250D1D7D0065A2C7 /* TableViewCell1.swift */,
				07CD39C9250D1D7D0065A2C7 /* TableViewCell1.xib */,
			);
			name = Xip;
			sourceTree = "<group>";
		};
		07D02C82250B8CC7005E5A9E /* Non-Single */ = {
			isa = PBXGroup;
			children = (
				07E27E9F250B974D00ED9D1C /* PLAY.mp3 */,
				07D02C75250B8AC0005E5A9E /* On My Way.mp3 */,
				07D18DB8250B80DD001E0C46 /* Sing Me To Sleep.mp3 */,
				07D18DB9250B80DE001E0C46 /* Faded.mp3 */,
				07D02C79250B8BA4005E5A9E /* Ignite.mp3 */,
				07D02C78250B8BA4005E5A9E /* Unity.mp3 */,
				07D02C71250B8A65005E5A9E /* Alone.mp3 */,
			);
			name = "Non-Single";
			sourceTree = "<group>";
		};
		07D02C83250B8D1B005E5A9E /* Single & ESP */ = {
			isa = PBXGroup;
			children = (
				07F72701252D23E700889924 /* Memories.mp3 */,
				07D02C77250B8BA3005E5A9E /* Avem.mp3 */,
				07F72703252D265E00889924 /* Hope.mp3 */,
				07D02C6F250B8A64005E5A9E /* Return.mp3 */,
				072C3370252E0C8600004016 /* I Don't Wanna Go.mp3 */,
			);
			name = "Single & ESP";
			sourceTree = "<group>";
		};
		07D18DB1250B7ED2001E0C46 /* Songs */ = {
			isa = PBXGroup;
			children = (
				07D02C83250B8D1B005E5A9E /* Single & ESP */,
				07D02C82250B8CC7005E5A9E /* Non-Single */,
				072C3359252E0B6200004016 /* Different World */,
				07F72700252D239000889924 /* Recreated */,
				072C3369252E0BD800004016 /* Faded(Remixes) */,
				072C3362252E0BA200004016 /* Tired(Remixes) */,
			);
			name = Songs;
			sourceTree = "<group>";
		};
		07F6520E2508B7F20075399B /* Offline */ = {
			isa = PBXGroup;
			children = (
				07282A5A247AD69C0078E709 /* AlbumList.swift */,
				0725866E24773CC500254564 /* SongsList.swift */,
				07F16736250D598C00DD1682 /* musicUI.swift */,
			);
			name = Offline;
			path = ViewControllers;
			sourceTree = "<group>";
		};
		07F72700252D239000889924 /* Recreated */ = {
			isa = PBXGroup;
			children = (
				07D02C70250B8A64005E5A9E /* Memories(Re).mp3 */,
				07D02C7A250B8BA5005E5A9E /* Hope(Re).mp3 */,
			);
			name = Recreated;
			sourceTree = "<group>";
		};
		A2ABCA1F82F0EB6A4CE025F7 /* Frameworks */ = {
			isa = PBXGroup;
			children = (
				907EF626350E332F0B591DAC /* Pods_AlanWalker.framework */,
			);
			name = Frameworks;
			sourceTree = "<group>";
		};
		B5EF720C186874FF4E0D6A83 /* Pods */ = {
			isa = PBXGroup;
			children = (
				89CFD36A4F7CD7EE957D21EE /* Pods-AlanWalker.debug.xcconfig */,
				B04C02733EE86C83E99575D9 /* Pods-AlanWalker.release.xcconfig */,
			);
			path = Pods;
			sourceTree = "<group>";
		};
/* End PBXGroup section */

/* Begin PBXNativeTarget section */
		0721CACE24770A120013277C /* AlanWalker */ = {
			isa = PBXNativeTarget;
			buildConfigurationList = 0721CAE624770A130013277C /* Build configuration list for PBXNativeTarget "AlanWalker" */;
			buildPhases = (
				0E81F2F4DB3F0890E7CE7DF4 /* [CP] Check Pods Manifest.lock */,
				0721CACB24770A120013277C /* Sources */,
				0721CACC24770A120013277C /* Frameworks */,
				0721CACD24770A120013277C /* Resources */,
				868CB19B140ED59D6EF96B9B /* [CP] Embed Pods Frameworks */,
			);
			buildRules = (
			);
			dependencies = (
			);
			name = AlanWalker;
			productName = AlanWalker;
			productReference = 0721CACF24770A120013277C /* AlanWalker.app */;
			productType = "com.apple.product-type.application";
		};
/* End PBXNativeTarget section */

/* Begin PBXProject section */
		0721CAC724770A120013277C /* Project object */ = {
			isa = PBXProject;
			attributes = {
				LastSwiftUpdateCheck = 1110;
				LastUpgradeCheck = 1110;
				ORGANIZATIONNAME = HadyOrg;
				TargetAttributes = {
					0721CACE24770A120013277C = {
						CreatedOnToolsVersion = 11.1;
					};
				};
			};
			buildConfigurationList = 0721CACA24770A120013277C /* Build configuration list for PBXProject "AlanWalker" */;
			compatibilityVersion = "Xcode 9.3";
			developmentRegion = en;
			hasScannedForEncodings = 0;
			knownRegions = (
				en,
				Base,
			);
			mainGroup = 0721CAC624770A120013277C;
			productRefGroup = 0721CAD024770A120013277C /* Products */;
			projectDirPath = "";
			projectRoot = "";
			targets = (
				0721CACE24770A120013277C /* AlanWalker */,
			);
		};
/* End PBXProject section */

/* Begin PBXResourcesBuildPhase section */
		0721CACD24770A120013277C /* Resources */ = {
			isa = PBXResourcesBuildPhase;
			buildActionMask = 2147483647;
			files = (
				07D02C7D250B8BA5005E5A9E /* Unity.mp3 in Resources */,
				07D02C7F250B8BA5005E5A9E /* Hope(Re).mp3 in Resources */,
				0721CAE224770A130013277C /* LaunchScreen.storyboard in Resources */,
				07F72702252D23E700889924 /* Memories.mp3 in Resources */,
				072C335B252E0B7200004016 /* All falls down.mp3 in Resources */,
				07D02C7E250B8BA5005E5A9E /* Ignite.mp3 in Resources */,
				07CD39CB250D1D7D0065A2C7 /* TableViewCell1.xib in Resources */,
				072C3368252E0BC900004016 /* Tired.mp3 in Resources */,
				07F72704252D265E00889924 /* Hope.mp3 in Resources */,
				072C335D252E0B7B00004016 /* Do it all for you.mp3 in Resources */,
				0721CADF24770A130013277C /* Assets.xcassets in Resources */,
				072C335F252E0B8600004016 /* Lonely.mp3 in Resources */,
				072C336B252E0C1300004016 /* Smokers | halsey.mp3 in Resources */,
				072C3364252E0BBC00004016 /* Tired by j-fla.mp3 in Resources */,
				07D02C74250B8A65005E5A9E /* Alone.mp3 in Resources */,
				07D18DBA250B80DE001E0C46 /* Sing Me To Sleep.mp3 in Resources */,
				07D02C72250B8A65005E5A9E /* Return.mp3 in Resources */,
				072C3373252E0CF400004016 /* Lost control.mp3 in Resources */,
				07E27EA0250B974D00ED9D1C /* PLAY.mp3 in Resources */,
				07D02C73250B8A65005E5A9E /* Memories(Re).mp3 in Resources */,
				07AF13AB252A4461002104B0 /* GoogleService-Info.plist in Resources */,
				072C3371252E0C8600004016 /* I Don't Wanna Go.mp3 in Resources */,
				07D02C76250B8AC0005E5A9E /* On My Way.mp3 in Resources */,
				072C336F252E0C1C00004016 /* Faded (interlude).mp3 in Resources */,
				072C3366252E0BC200004016 /* Tired kygo.mp3 in Resources */,
				072C336D252E0C1800004016 /* Faded(erelease).mp3 in Resources */,
				07E27E9E250B973300ED9D1C /* The Spectre.mp3 in Resources */,
				07D18DBB250B80DE001E0C46 /* Faded.mp3 in Resources */,
				07E27EA3250B981100ED9D1C /* Not Afraid ft Faded.mp3 in Resources */,
				07D02C7C250B8BA5005E5A9E /* Avem.mp3 in Resources */,
				0721CADA24770A120013277C /* Main.storyboard in Resources */,
			);
			runOnlyForDeploymentPostprocessing = 0;
		};
/* End PBXResourcesBuildPhase section */

/* Begin PBXShellScriptBuildPhase section */
		0E81F2F4DB3F0890E7CE7DF4 /* [CP] Check Pods Manifest.lock */ = {
			isa = PBXShellScriptBuildPhase;
			buildActionMask = 2147483647;
			files = (
			);
			inputFileListPaths = (
			);
			inputPaths = (
				"${PODS_PODFILE_DIR_PATH}/Podfile.lock",
				"${PODS_ROOT}/Manifest.lock",
			);
			name = "[CP] Check Pods Manifest.lock";
			outputFileListPaths = (
			);
			outputPaths = (
				"$(DERIVED_FILE_DIR)/Pods-AlanWalker-checkManifestLockResult.txt",
			);
			runOnlyForDeploymentPostprocessing = 0;
			shellPath = /bin/sh;
			shellScript = "diff \"${PODS_PODFILE_DIR_PATH}/Podfile.lock\" \"${PODS_ROOT}/Manifest.lock\" > /dev/null\nif [ $? != 0 ] ; then\n    # print error to STDERR\n    echo \"error: The sandbox is not in sync with the Podfile.lock. Run 'pod install' or update your CocoaPods installation.\" >&2\n    exit 1\nfi\n# This output is used by Xcode 'outputs' to avoid re-running this script phase.\necho \"SUCCESS\" > \"${SCRIPT_OUTPUT_FILE_0}\"\n";
			showEnvVarsInLog = 0;
		};
		868CB19B140ED59D6EF96B9B /* [CP] Embed Pods Frameworks */ = {
			isa = PBXShellScriptBuildPhase;
			buildActionMask = 2147483647;
			files = (
			);
			inputFileListPaths = (
				"${PODS_ROOT}/Target Support Files/Pods-AlanWalker/Pods-AlanWalker-frameworks-${CONFIGURATION}-input-files.xcfilelist",
			);
			name = "[CP] Embed Pods Frameworks";
			outputFileListPaths = (
				"${PODS_ROOT}/Target Support Files/Pods-AlanWalker/Pods-AlanWalker-frameworks-${CONFIGURATION}-output-files.xcfilelist",
			);
			runOnlyForDeploymentPostprocessing = 0;
			shellPath = /bin/sh;
			shellScript = "\"${PODS_ROOT}/Target Support Files/Pods-AlanWalker/Pods-AlanWalker-frameworks.sh\"\n";
			showEnvVarsInLog = 0;
		};
/* End PBXShellScriptBuildPhase section */

/* Begin PBXSourcesBuildPhase section */
		0721CACB24770A120013277C /* Sources */ = {
			isa = PBXSourcesBuildPhase;
			buildActionMask = 2147483647;
			files = (
				0721CAEC24770CA20013277C /* Register.swift in Sources */,
				078797F1252D11FF00D5510C /* Constants.swift in Sources */,
				0727336F251BF8280095441A /* MusicData.swift in Sources */,
				0721CAD724770A120013277C /* Welcome.swift in Sources */,
				0721CAEA24770C8D0013277C /* Login.swift in Sources */,
				0725866F24773CC500254564 /* SongsList.swift in Sources */,
				0729C473250D30D60084029E /* MusicDataModel.swift in Sources */,
				072AE656252CED0A009919F0 /* Utilities.swift in Sources */,
				07282A5B247AD69C0078E709 /* AlbumList.swift in Sources */,
				07F16737250D598C00DD1682 /* musicUI.swift in Sources */,
				072B51D62478534800627A96 /* FirstView.swift in Sources */,
				07CD39CA250D1D7D0065A2C7 /* TableViewCell1.swift in Sources */,
				07FBBAA32521FF5400762E77 /* YoutYoubVideos.swift in Sources */,
				07FBBA9F2521EEA700762E77 /* NewComers.swift in Sources */,
				0721CAD324770A120013277C /* AppDelegate.swift in Sources */,
				0721CAD524770A120013277C /* SceneDelegate.swift in Sources */,
			);
			runOnlyForDeploymentPostprocessing = 0;
		};
/* End PBXSourcesBuildPhase section */

/* Begin PBXVariantGroup section */
		0721CAD824770A120013277C /* Main.storyboard */ = {
			isa = PBXVariantGroup;
			children = (
				0721CAD924770A120013277C /* Base */,
			);
			name = Main.storyboard;
			sourceTree = "<group>";
		};
		0721CAE024770A130013277C /* LaunchScreen.storyboard */ = {
			isa = PBXVariantGroup;
			children = (
				0721CAE124770A130013277C /* Base */,
			);
			name = LaunchScreen.storyboard;
			sourceTree = "<group>";
		};
/* End PBXVariantGroup section */

/* Begin XCBuildConfiguration section */
		0721CAE424770A130013277C /* Debug */ = {
			isa = XCBuildConfiguration;
			buildSettings = {
				ALWAYS_SEARCH_USER_PATHS = NO;
				CLANG_ANALYZER_NONNULL = YES;
				CLANG_ANALYZER_NUMBER_OBJECT_CONVERSION = YES_AGGRESSIVE;
				CLANG_CXX_LANGUAGE_STANDARD = "gnu++14";
				CLANG_CXX_LIBRARY = "libc++";
				CLANG_ENABLE_MODULES = YES;
				CLANG_ENABLE_OBJC_ARC = YES;
				CLANG_ENABLE_OBJC_WEAK = YES;
				CLANG_WARN_BLOCK_CAPTURE_AUTORELEASING = YES;
				CLANG_WARN_BOOL_CONVERSION = YES;
				CLANG_WARN_COMMA = YES;
				CLANG_WARN_CONSTANT_CONVERSION = YES;
				CLANG_WARN_DEPRECATED_OBJC_IMPLEMENTATIONS = YES;
				CLANG_WARN_DIRECT_OBJC_ISA_USAGE = YES_ERROR;
				CLANG_WARN_DOCUMENTATION_COMMENTS = YES;
				CLANG_WARN_EMPTY_BODY = YES;
				CLANG_WARN_ENUM_CONVERSION = YES;
				CLANG_WARN_INFINITE_RECURSION = YES;
				CLANG_WARN_INT_CONVERSION = YES;
				CLANG_WARN_NON_LITERAL_NULL_CONVERSION = YES;
				CLANG_WARN_OBJC_IMPLICIT_RETAIN_SELF = YES;
				CLANG_WARN_OBJC_LITERAL_CONVERSION = YES;
				CLANG_WARN_OBJC_ROOT_CLASS = YES_ERROR;
				CLANG_WARN_RANGE_LOOP_ANALYSIS = YES;
				CLANG_WARN_STRICT_PROTOTYPES = YES;
				CLANG_WARN_SUSPICIOUS_MOVE = YES;
				CLANG_WARN_UNGUARDED_AVAILABILITY = YES_AGGRESSIVE;
				CLANG_WARN_UNREACHABLE_CODE = YES;
				CLANG_WARN__DUPLICATE_METHOD_MATCH = YES;
				COPY_PHASE_STRIP = NO;
				DEBUG_INFORMATION_FORMAT = dwarf;
				ENABLE_STRICT_OBJC_MSGSEND = YES;
				ENABLE_TESTABILITY = YES;
				GCC_C_LANGUAGE_STANDARD = gnu11;
				GCC_DYNAMIC_NO_PIC = NO;
				GCC_NO_COMMON_BLOCKS = YES;
				GCC_OPTIMIZATION_LEVEL = 0;
				GCC_PREPROCESSOR_DEFINITIONS = (
					"DEBUG=1",
					"$(inherited)",
				);
				GCC_WARN_64_TO_32_BIT_CONVERSION = YES;
				GCC_WARN_ABOUT_RETURN_TYPE = YES_ERROR;
				GCC_WARN_UNDECLARED_SELECTOR = YES;
				GCC_WARN_UNINITIALIZED_AUTOS = YES_AGGRESSIVE;
				GCC_WARN_UNUSED_FUNCTION = YES;
				GCC_WARN_UNUSED_VARIABLE = YES;
				IPHONEOS_DEPLOYMENT_TARGET = 13.1;
				MTL_ENABLE_DEBUG_INFO = INCLUDE_SOURCE;
				MTL_FAST_MATH = YES;
				ONLY_ACTIVE_ARCH = YES;
				SDKROOT = iphoneos;
				SWIFT_ACTIVE_COMPILATION_CONDITIONS = DEBUG;
				SWIFT_OPTIMIZATION_LEVEL = "-Onone";
			};
			name = Debug;
		};
		0721CAE524770A130013277C /* Release */ = {
			isa = XCBuildConfiguration;
			buildSettings = {
				ALWAYS_SEARCH_USER_PATHS = NO;
				CLANG_ANALYZER_NONNULL = YES;
				CLANG_ANALYZER_NUMBER_OBJECT_CONVERSION = YES_AGGRESSIVE;
				CLANG_CXX_LANGUAGE_STANDARD = "gnu++14";
				CLANG_CXX_LIBRARY = "libc++";
				CLANG_ENABLE_MODULES = YES;
				CLANG_ENABLE_OBJC_ARC = YES;
				CLANG_ENABLE_OBJC_WEAK = YES;
				CLANG_WARN_BLOCK_CAPTURE_AUTORELEASING = YES;
				CLANG_WARN_BOOL_CONVERSION = YES;
				CLANG_WARN_COMMA = YES;
				CLANG_WARN_CONSTANT_CONVERSION = YES;
				CLANG_WARN_DEPRECATED_OBJC_IMPLEMENTATIONS = YES;
				CLANG_WARN_DIRECT_OBJC_ISA_USAGE = YES_ERROR;
				CLANG_WARN_DOCUMENTATION_COMMENTS = YES;
				CLANG_WARN_EMPTY_BODY = YES;
				CLANG_WARN_ENUM_CONVERSION = YES;
				CLANG_WARN_INFINITE_RECURSION = YES;
				CLANG_WARN_INT_CONVERSION = YES;
				CLANG_WARN_NON_LITERAL_NULL_CONVERSION = YES;
				CLANG_WARN_OBJC_IMPLICIT_RETAIN_SELF = YES;
				CLANG_WARN_OBJC_LITERAL_CONVERSION = YES;
				CLANG_WARN_OBJC_ROOT_CLASS = YES_ERROR;
				CLANG_WARN_RANGE_LOOP_ANALYSIS = YES;
				CLANG_WARN_STRICT_PROTOTYPES = YES;
				CLANG_WARN_SUSPICIOUS_MOVE = YES;
				CLANG_WARN_UNGUARDED_AVAILABILITY = YES_AGGRESSIVE;
				CLANG_WARN_UNREACHABLE_CODE = YES;
				CLANG_WARN__DUPLICATE_METHOD_MATCH = YES;
				COPY_PHASE_STRIP = NO;
				DEBUG_INFORMATION_FORMAT = "dwarf-with-dsym";
				ENABLE_NS_ASSERTIONS = NO;
				ENABLE_STRICT_OBJC_MSGSEND = YES;
				GCC_C_LANGUAGE_STANDARD = gnu11;
				GCC_NO_COMMON_BLOCKS = YES;
				GCC_WARN_64_TO_32_BIT_CONVERSION = YES;
				GCC_WARN_ABOUT_RETURN_TYPE = YES_ERROR;
				GCC_WARN_UNDECLARED_SELECTOR = YES;
				GCC_WARN_UNINITIALIZED_AUTOS = YES_AGGRESSIVE;
				GCC_WARN_UNUSED_FUNCTION = YES;
				GCC_WARN_UNUSED_VARIABLE = YES;
				IPHONEOS_DEPLOYMENT_TARGET = 13.1;
				MTL_ENABLE_DEBUG_INFO = NO;
				MTL_FAST_MATH = YES;
				SDKROOT = iphoneos;
				SWIFT_COMPILATION_MODE = wholemodule;
				SWIFT_OPTIMIZATION_LEVEL = "-O";
				VALIDATE_PRODUCT = YES;
			};
			name = Release;
		};
		0721CAE724770A130013277C /* Debug */ = {
			isa = XCBuildConfiguration;
			baseConfigurationReference = 89CFD36A4F7CD7EE957D21EE /* Pods-AlanWalker.debug.xcconfig */;
			buildSettings = {
				ASSETCATALOG_COMPILER_APPICON_NAME = AppIcon;
				CODE_SIGN_STYLE = Automatic;
				INFOPLIST_FILE = AlanWalker/Resources/Info.plist;
				LD_RUNPATH_SEARCH_PATHS = (
					"$(inherited)",
					"@executable_path/Frameworks",
				);
				PRODUCT_BUNDLE_IDENTIFIER = com.HadyOrgwalkersound.AlanWalkerHD;
				PRODUCT_NAME = "$(TARGET_NAME)";
				SWIFT_VERSION = 5.0;
				TARGETED_DEVICE_FAMILY = 1;
			};
			name = Debug;
		};
		0721CAE824770A130013277C /* Release */ = {
			isa = XCBuildConfiguration;
			baseConfigurationReference = B04C02733EE86C83E99575D9 /* Pods-AlanWalker.release.xcconfig */;
			buildSettings = {
				ASSETCATALOG_COMPILER_APPICON_NAME = AppIcon;
				CODE_SIGN_STYLE = Automatic;
				INFOPLIST_FILE = AlanWalker/Resources/Info.plist;
				LD_RUNPATH_SEARCH_PATHS = (
					"$(inherited)",
					"@executable_path/Frameworks",
				);
				PRODUCT_BUNDLE_IDENTIFIER = com.HadyOrgwalkersound.AlanWalkerHD;
				PRODUCT_NAME = "$(TARGET_NAME)";
				SWIFT_VERSION = 5.0;
				TARGETED_DEVICE_FAMILY = 1;
			};
			name = Release;
		};
/* End XCBuildConfiguration section */

/* Begin XCConfigurationList section */
		0721CACA24770A120013277C /* Build configuration list for PBXProject "AlanWalker" */ = {
			isa = XCConfigurationList;
			buildConfigurations = (
				0721CAE424770A130013277C /* Debug */,
				0721CAE524770A130013277C /* Release */,
			);
			defaultConfigurationIsVisible = 0;
			defaultConfigurationName = Release;
		};
		0721CAE624770A130013277C /* Build configuration list for PBXNativeTarget "AlanWalker" */ = {
			isa = XCConfigurationList;
			buildConfigurations = (
				0721CAE724770A130013277C /* Debug */,
				0721CAE824770A130013277C /* Release */,
			);
			defaultConfigurationIsVisible = 0;
			defaultConfigurationName = Release;
		};
/* End XCConfigurationList section */
	};
	rootObject = 0721CAC724770A120013277C /* Project object */;
}
